// !$*UTF8*$!
{
	archiveVersion = 1;
	classes = {
	};
	objectVersion = 46;
	objects = {

/* Begin PBXBuildFile section */
		8D3A60BD1D5D70C0007EDEB4 /* main.m in Sources */ = {isa = PBXBuildFile; fileRef = 8D3A60BC1D5D70C0007EDEB4 /* main.m */; };
		8D3A60C01D5D70C0007EDEB4 /* AppDelegate.m in Sources */ = {isa = PBXBuildFile; fileRef = 8D3A60BF1D5D70C0007EDEB4 /* AppDelegate.m */; };
		8D3A60C31D5D70C0007EDEB4 /* ViewController.m in Sources */ = {isa = PBXBuildFile; fileRef = 8D3A60C21D5D70C0007EDEB4 /* ViewController.m */; };
		8D3A60C61D5D70C0007EDEB4 /* Main.storyboard in Resources */ = {isa = PBXBuildFile; fileRef = 8D3A60C41D5D70C0007EDEB4 /* Main.storyboard */; };
		8D3A60C81D5D70C0007EDEB4 /* Assets.xcassets in Resources */ = {isa = PBXBuildFile; fileRef = 8D3A60C71D5D70C0007EDEB4 /* Assets.xcassets */; };
		8D3A60CB1D5D70C0007EDEB4 /* LaunchScreen.storyboard in Resources */ = {isa = PBXBuildFile; fileRef = 8D3A60C91D5D70C0007EDEB4 /* LaunchScreen.storyboard */; };
		8D3A60D81D5D717C007EDEB4 /* UITableView+DZPlaceholder.m in Sources */ = {isa = PBXBuildFile; fileRef = 8D3A60D71D5D717C007EDEB4 /* UITableView+DZPlaceholder.m */; };
		B2FD20107F8F9D59F3DC6BD2 /* libPods-DZPlaceholderDemo.a in Frameworks */ = {isa = PBXBuildFile; fileRef = 063A3255747CEDEA6D5EB20C /* libPods-DZPlaceholderDemo.a */; };
/* End PBXBuildFile section */

/* Begin PBXFileReference section */
		063A3255747CEDEA6D5EB20C /* libPods-DZPlaceholderDemo.a */ = {isa = PBXFileReference; explicitFileType = archive.ar; includeInIndex = 0; path = "libPods-DZPlaceholderDemo.a"; sourceTree = BUILT_PRODUCTS_DIR; };
		19E450CA80EACB9C03F31A83 /* Pods-DZPlaceholderDemo.release.xcconfig */ = {isa = PBXFileReference; includeInIndex = 1; lastKnownFileType = text.xcconfig; name = "Pods-DZPlaceholderDemo.release.xcconfig"; path = "Pods/Target Support Files/Pods-DZPlaceholderDemo/Pods-DZPlaceholderDemo.release.xcconfig"; sourceTree = "<group>"; };
		1F54EBA9D8DA89F8E69A676C /* Pods-DZPlaceholderDemo.debug.xcconfig */ = {isa = PBXFileReference; includeInIndex = 1; lastKnownFileType = text.xcconfig; name = "Pods-DZPlaceholderDemo.debug.xcconfig"; path = "Pods/Target Support Files/Pods-DZPlaceholderDemo/Pods-DZPlaceholderDemo.debug.xcconfig"; sourceTree = "<group>"; };
		8D3A60B81D5D70C0007EDEB4 /* DZPlaceholderDemo.app */ = {isa = PBXFileReference; explicitFileType = wrapper.application; includeInIndex = 0; path = DZPlaceholderDemo.app; sourceTree = BUILT_PRODUCTS_DIR; };
		8D3A60BC1D5D70C0007EDEB4 /* main.m */ = {isa = PBXFileReference; lastKnownFileType = sourcecode.c.objc; path = main.m; sourceTree = "<group>"; };
		8D3A60BE1D5D70C0007EDEB4 /* AppDelegate.h */ = {isa = PBXFileReference; lastKnownFileType = sourcecode.c.h; path = AppDelegate.h; sourceTree = "<group>"; };
		8D3A60BF1D5D70C0007EDEB4 /* AppDelegate.m */ = {isa = PBXFileReference; lastKnownFileType = sourcecode.c.objc; path = AppDelegate.m; sourceTree = "<group>"; };
		8D3A60C11D5D70C0007EDEB4 /* ViewController.h */ = {isa = PBXFileReference; lastKnownFileType = sourcecode.c.h; path = ViewController.h; sourceTree = "<group>"; };
		8D3A60C21D5D70C0007EDEB4 /* ViewController.m */ = {isa = PBXFileReference; lastKnownFileType = sourcecode.c.objc; path = ViewController.m; sourceTree = "<group>"; };
		8D3A60C51D5D70C0007EDEB4 /* Base */ = {isa = PBXFileReference; lastKnownFileType = file.storyboard; name = Base; path = Base.lproj/Main.storyboard; sourceTree = "<group>"; };
		8D3A60C71D5D70C0007EDEB4 /* Assets.xcassets */ = {isa = PBXFileReference; lastKnownFileType = folder.assetcatalog; path = Assets.xcassets; sourceTree = "<group>"; };
		8D3A60CA1D5D70C0007EDEB4 /* Base */ = {isa = PBXFileReference; lastKnownFileType = file.storyboard; name = Base; path = Base.lproj/LaunchScreen.storyboard; sourceTree = "<group>"; };
		8D3A60CC1D5D70C0007EDEB4 /* Info.plist */ = {isa = PBXFileReference; lastKnownFileType = text.plist.xml; path = Info.plist; sourceTree = "<group>"; };
		8D3A60D61D5D717C007EDEB4 /* UITableView+DZPlaceholder.h */ = {isa = PBXFileReference; fileEncoding = 4; lastKnownFileType = sourcecode.c.h; path = "UITableView+DZPlaceholder.h"; sourceTree = "<group>"; };
		8D3A60D71D5D717C007EDEB4 /* UITableView+DZPlaceholder.m */ = {isa = PBXFileReference; fileEncoding = 4; lastKnownFileType = sourcecode.c.objc; path = "UITableView+DZPlaceholder.m"; sourceTree = "<group>"; };
/* End PBXFileReference section */

/* Begin PBXFrameworksBuildPhase section */
		8D3A60B51D5D70C0007EDEB4 /* Frameworks */ = {
			isa = PBXFrameworksBuildPhase;
			buildActionMask = 2147483647;
			files = (
				B2FD20107F8F9D59F3DC6BD2 /* libPods-DZPlaceholderDemo.a in Frameworks */,
			);
			runOnlyForDeploymentPostprocessing = 0;
		};
/* End PBXFrameworksBuildPhase section */

/* Begin PBXGroup section */
		51FC48219F77A15B539885D6 /* Pods */ = {
			isa = PBXGroup;
			children = (
				1F54EBA9D8DA89F8E69A676C /* Pods-DZPlaceholderDemo.debug.xcconfig */,
				19E450CA80EACB9C03F31A83 /* Pods-DZPlaceholderDemo.release.xcconfig */,
			);
			name = Pods;
			sourceTree = "<group>";
		};
		8D3A60AF1D5D70C0007EDEB4 = {
			isa = PBXGroup;
			children = (
				8D3A60D21D5D70E6007EDEB4 /* DZPlaceholder */,
				8D3A60BA1D5D70C0007EDEB4 /* DZPlaceholderDemo */,
				8D3A60B91D5D70C0007EDEB4 /* Products */,
				51FC48219F77A15B539885D6 /* Pods */,
				D6B6AD59D743DE4F9CBDC6F5 /* Frameworks */,
			);
			sourceTree = "<group>";
		};
		8D3A60B91D5D70C0007EDEB4 /* Products */ = {
			isa = PBXGroup;
			children = (
				8D3A60B81D5D70C0007EDEB4 /* DZPlaceholderDemo.app */,
			);
			name = Products;
			sourceTree = "<group>";
		};
		8D3A60BA1D5D70C0007EDEB4 /* DZPlaceholderDemo */ = {
			isa = PBXGroup;
			children = (
				8D3A60BE1D5D70C0007EDEB4 /* AppDelegate.h */,
				8D3A60BF1D5D70C0007EDEB4 /* AppDelegate.m */,
				8D3A60C11D5D70C0007EDEB4 /* ViewController.h */,
				8D3A60C21D5D70C0007EDEB4 /* ViewController.m */,
				8D3A60C41D5D70C0007EDEB4 /* Main.storyboard */,
				8D3A60C71D5D70C0007EDEB4 /* Assets.xcassets */,
				8D3A60C91D5D70C0007EDEB4 /* LaunchScreen.storyboard */,
				8D3A60CC1D5D70C0007EDEB4 /* Info.plist */,
				8D3A60BB1D5D70C0007EDEB4 /* Supporting Files */,
			);
			path = DZPlaceholderDemo;
			sourceTree = "<group>";
		};
		8D3A60BB1D5D70C0007EDEB4 /* Supporting Files */ = {
			isa = PBXGroup;
			children = (
				8D3A60BC1D5D70C0007EDEB4 /* main.m */,
			);
			name = "Supporting Files";
			sourceTree = "<group>";
		};
		8D3A60D21D5D70E6007EDEB4 /* DZPlaceholder */ = {
			isa = PBXGroup;
			children = (
				8D3A60D61D5D717C007EDEB4 /* UITableView+DZPlaceholder.h */,
				8D3A60D71D5D717C007EDEB4 /* UITableView+DZPlaceholder.m */,
			);
			path = DZPlaceholder;
			sourceTree = "<group>";
		};
		D6B6AD59D743DE4F9CBDC6F5 /* Frameworks */ = {
			isa = PBXGroup;
			children = (
				063A3255747CEDEA6D5EB20C /* libPods-DZPlaceholderDemo.a */,
			);
			name = Frameworks;
			sourceTree = "<group>";
		};
/* End PBXGroup section */

/* Begin PBXNativeTarget section */
		8D3A60B71D5D70C0007EDEB4 /* DZPlaceholderDemo */ = {
			isa = PBXNativeTarget;
			buildConfigurationList = 8D3A60CF1D5D70C0007EDEB4 /* Build configuration list for PBXNativeTarget "DZPlaceholderDemo" */;
			buildPhases = (
				5891C9EF2524A64715BE5050 /* [CP] Check Pods Manifest.lock */,
				8D3A60B41D5D70C0007EDEB4 /* Sources */,
				8D3A60B51D5D70C0007EDEB4 /* Frameworks */,
				8D3A60B61D5D70C0007EDEB4 /* Resources */,
				2D66EEC861AEC1D9ED9D0344 /* [CP] Embed Pods Frameworks */,
				21F0BED68EA7A0E3D04BEBF9 /* [CP] Copy Pods Resources */,
			);
			buildRules = (
			);
			dependencies = (
			);
			name = DZPlaceholderDemo;
			productName = DZPlaceholderDemo;
			productReference = 8D3A60B81D5D70C0007EDEB4 /* DZPlaceholderDemo.app */;
			productType = "com.apple.product-type.application";
		};
/* End PBXNativeTarget section */

/* Begin PBXProject section */
		8D3A60B01D5D70C0007EDEB4 /* Project object */ = {
			isa = PBXProject;
			attributes = {
				LastUpgradeCheck = 0730;
				ORGANIZATIONNAME = "Wenbing Zuo";
				TargetAttributes = {
					8D3A60B71D5D70C0007EDEB4 = {
						CreatedOnToolsVersion = 7.3.1;
					};
				};
			};
			buildConfigurationList = 8D3A60B31D5D70C0007EDEB4 /* Build configuration list for PBXProject "DZPlaceholderDemo" */;
			compatibilityVersion = "Xcode 3.2";
			developmentRegion = English;
			hasScannedForEncodings = 0;
			knownRegions = (
				en,
				Base,
			);
			mainGroup = 8D3A60AF1D5D70C0007EDEB4;
			productRefGroup = 8D3A60B91D5D70C0007EDEB4 /* Products */;
			projectDirPath = "";
			projectRoot = "";
			targets = (
				8D3A60B71D5D70C0007EDEB4 /* DZPlaceholderDemo */,
			);
		};
/* End PBXProject section */

/* Begin PBXResourcesBuildPhase section */
		8D3A60B61D5D70C0007EDEB4 /* Resources */ = {
			isa = PBXResourcesBuildPhase;
			buildActionMask = 2147483647;
			files = (
				8D3A60CB1D5D70C0007EDEB4 /* LaunchScreen.storyboard in Resources */,
				8D3A60C81D5D70C0007EDEB4 /* Assets.xcassets in Resources */,
				8D3A60C61D5D70C0007EDEB4 /* Main.storyboard in Resources */,
			);
			runOnlyForDeploymentPostprocessing = 0;
		};
/* End PBXResourcesBuildPhase section */

/* Begin PBXShellScriptBuildPhase section */
		21F0BED68EA7A0E3D04BEBF9 /* [CP] Copy Pods Resources */ = {
			isa = PBXShellScriptBuildPhase;
			buildActionMask = 2147483647;
			files = (
			);
			inputPaths = (
			);
			name = "[CP] Copy Pods Resources";
			outputPaths = (
			);
			runOnlyForDeploymentPostprocessing = 0;
			shellPath = /bin/sh;
			shellScript = "\"${SRCROOT}/Pods/Target Support Files/Pods-DZPlaceholderDemo/Pods-DZPlaceholderDemo-resources.sh\"\n";
			showEnvVarsInLog = 0;
		};
		2D66EEC861AEC1D9ED9D0344 /* [CP] Embed Pods Frameworks */ = {
			isa = PBXShellScriptBuildPhase;
			buildActionMask = 2147483647;
			files = (
			);
			inputPaths = (
			);
			name = "[CP] Embed Pods Frameworks";
			outputPaths = (
			);
			runOnlyForDeploymentPostprocessing = 0;
			shellPath = /bin/sh;
			shellScript = "\"${SRCROOT}/Pods/Target Support Files/Pods-DZPlaceholderDemo/Pods-DZPlaceholderDemo-frameworks.sh\"\n";
			showEnvVarsInLog = 0;
		};
		5891C9EF2524A64715BE5050 /* [CP] Check Pods Manifest.lock */ = {
			isa = PBXShellScriptBuildPhase;
			buildActionMask = 2147483647;
			files = (
			);
			inputPaths = (
			);
			name = "[CP] Check Pods Manifest.lock";
			outputPaths = (
			);
			runOnlyForDeploymentPostprocessing = 0;
			shellPath = /bin/sh;
			shellScript = "diff \"${PODS_ROOT}/../Podfile.lock\" \"${PODS_ROOT}/Manifest.lock\" > /dev/null\nif [[ $? != 0 ]] ; then\n    cat << EOM\nerror: The sandbox is not in sync with the Podfile.lock. Run 'pod install' or update your CocoaPods installation.\nEOM\n    exit 1\nfi\n";
			showEnvVarsInLog = 0;
		};
/* End PBXShellScriptBuildPhase section */

/* Begin PBXSourcesBuildPhase section */
		8D3A60B41D5D70C0007EDEB4 /* Sources */ = {
			isa = PBXSourcesBuildPhase;
			buildActionMask = 2147483647;
			files = (
				8D3A60C31D5D70C0007EDEB4 /* ViewController.m in Sources */,
				8D3A60C01D5D70C0007EDEB4 /* AppDelegate.m in Sources */,
				8D3A60D81D5D717C007EDEB4 /* UITableView+DZPlaceholder.m in Sources */,
				8D3A60BD1D5D70C0007EDEB4 /* main.m in Sources */,
			);
			runOnlyForDeploymentPostprocessing = 0;
		};
/* End PBXSourcesBuildPhase section */

/* Begin PBXVariantGroup section */
		8D3A60C41D5D70C0007EDEB4 /* Main.storyboard */ = {
			isa = PBXVariantGroup;
			children = (
				8D3A60C51D5D70C0007EDEB4 /* Base */,
			);
			name = Main.storyboard;
			sourceTree = "<group>";
		};
		8D3A60C91D5D70C0007EDEB4 /* LaunchScreen.storyboard */ = {
			isa = PBXVariantGroup;
			children = (
				8D3A60CA1D5D70C0007EDEB4 /* Base */,
			);
			name = LaunchScreen.storyboard;
			sourceTree = "<group>";
		};
/* End PBXVariantGroup section */

/* Begin XCBuildConfiguration section */
		8D3A60CD1D5D70C0007EDEB4 /* Debug */ = {
			isa = XCBuildConfiguration;
			buildSettings = {
				ALWAYS_SEARCH_USER_PATHS = NO;
				CLANG_ANALYZER_NONNULL = YES;
				CLANG_CXX_LANGUAGE_STANDARD = "gnu++0x";
				CLANG_CXX_LIBRARY = "libc++";
				CLANG_ENABLE_MODULES = YES;
				CLANG_ENABLE_OBJC_ARC = YES;
				CLANG_WARN_BOOL_CONVERSION = YES;
				CLANG_WARN_CONSTANT_CONVERSION = YES;
				CLANG_WARN_DIRECT_OBJC_ISA_USAGE = YES_ERROR;
				CLANG_WARN_EMPTY_BODY = YES;
				CLANG_WARN_ENUM_CONVERSION = YES;
				CLANG_WARN_INT_CONVERSION = YES;
				CLANG_WARN_OBJC_ROOT_CLASS = YES_ERROR;
				CLANG_WARN_UNREACHABLE_CODE = YES;
				CLANG_WARN__DUPLICATE_METHOD_MATCH = YES;
				"CODE_SIGN_IDENTITY[sdk=iphoneos*]" = "iPhone Developer";
				COPY_PHASE_STRIP = NO;
				DEBUG_INFORMATION_FORMAT = dwarf;
				ENABLE_STRICT_OBJC_MSGSEND = YES;
				ENABLE_TESTABILITY = YES;
				GCC_C_LANGUAGE_STANDARD = gnu99;
				GCC_DYNAMIC_NO_PIC = NO;
				GCC_NO_COMMON_BLOCKS = YES;
				GCC_OPTIMIZATION_LEVEL = 0;
				GCC_PREPROCESSOR_DEFINITIONS = (
					"DEBUG=1",
					"$(inherited)",
				);
				GCC_WARN_64_TO_32_BIT_CONVERSION = YES;
				GCC_WARN_ABOUT_RETURN_TYPE = YES_ERROR;
				GCC_WARN_UNDECLARED_SELECTOR = YES;
				GCC_WARN_UNINITIALIZED_AUTOS = YES_AGGRESSIVE;
				GCC_WARN_UNUSED_FUNCTION = YES;
				GCC_WARN_UNUSED_VARIABLE = YES;
				IPHONEOS_DEPLOYMENT_TARGET = 9.3;
				MTL_ENABLE_DEBUG_INFO = YES;
				ONLY_ACTIVE_ARCH = YES;
				SDKROOT = iphoneos;
				TARGETED_DEVICE_FAMILY = "1,2";
			};
			name = Debug;
		};
		8D3A60CE1D5D70C0007EDEB4 /* Release */ = {
			isa = XCBuildConfiguration;
			buildSettings = {
				ALWAYS_SEARCH_USER_PATHS = NO;
				CLANG_ANALYZER_NONNULL = YES;
				CLANG_CXX_LANGUAGE_STANDARD = "gnu++0x";
				CLANG_CXX_LIBRARY = "libc++";
				CLANG_ENABLE_MODULES = YES;
				CLANG_ENABLE_OBJC_ARC = YES;
				CLANG_WARN_BOOL_CONVERSION = YES;
				CLANG_WARN_CONSTANT_CONVERSION = YES;
				CLANG_WARN_DIRECT_OBJC_ISA_USAGE = YES_ERROR;
				CLANG_WARN_EMPTY_BODY = YES;
				CLANG_WARN_ENUM_CONVERSION = YES;
				CLANG_WARN_INT_CONVERSION = YES;
				CLANG_WARN_OBJC_ROOT_CLASS = YES_ERROR;
				CLANG_WARN_UNREACHABLE_CODE = YES;
				CLANG_WARN__DUPLICATE_METHOD_MATCH = YES;
				"CODE_SIGN_IDENTITY[sdk=iphoneos*]" = "iPhone Developer";
				COPY_PHASE_STRIP = NO;
				DEBUG_INFORMATION_FORMAT = "dwarf-with-dsym";
				ENABLE_NS_ASSERTIONS = NO;
				ENABLE_STRICT_OBJC_MSGSEND = YES;
				GCC_C_LANGUAGE_STANDARD = gnu99;
				GCC_NO_COMMON_BLOCKS = YES;
				GCC_WARN_64_TO_32_BIT_CONVERSION = YES;
				GCC_WARN_ABOUT_RETURN_TYPE = YES_ERROR;
				GCC_WARN_UNDECLARED_SELECTOR = YES;
				GCC_WARN_UNINITIALIZED_AUTOS = YES_AGGRESSIVE;
				GCC_WARN_UNUSED_FUNCTION = YES;
				GCC_WARN_UNUSED_VARIABLE = YES;
				IPHONEOS_DEPLOYMENT_TARGET = 9.3;
				MTL_ENABLE_DEBUG_INFO = NO;
				SDKROOT = iphoneos;
				TARGETED_DEVICE_FAMILY = "1,2";
				VALIDATE_PRODUCT = YES;
			};
			name = Release;
		};
		8D3A60D01D5D70C0007EDEB4 /* Debug */ = {
			isa = XCBuildConfiguration;
			baseConfigurationReference = 1F54EBA9D8DA89F8E69A676C /* Pods-DZPlaceholderDemo.debug.xcconfig */;
			buildSettings = {
				ASSETCATALOG_COMPILER_APPICON_NAME = AppIcon;
				INFOPLIST_FILE = DZPlaceholderDemo/Info.plist;
				LD_RUNPATH_SEARCH_PATHS = "$(inherited) @executable_path/Frameworks";
				PRODUCT_BUNDLE_IDENTIFIER = dazuo.github.io.DZPlaceholderDemo;
				PRODUCT_NAME = "$(TARGET_NAME)";
			};
			name = Debug;
		};
		8D3A60D11D5D70C0007EDEB4 /* Release */ = {
			isa = XCBuildConfiguration;
			baseConfigurationReference = 19E450CA80EACB9C03F31A83 /* Pods-DZPlaceholderDemo.release.xcconfig */;
			buildSettings = {
				ASSETCATALOG_COMPILER_APPICON_NAME = AppIcon;
				INFOPLIST_FILE = DZPlaceholderDemo/Info.plist;
				LD_RUNPATH_SEARCH_PATHS = "$(inherited) @executable_path/Frameworks";
				PRODUCT_BUNDLE_IDENTIFIER = dazuo.github.io.DZPlaceholderDemo;
				PRODUCT_NAME = "$(TARGET_NAME)";
			};
			name = Release;
		};
/* End XCBuildConfiguration section */

/* Begin XCConfigurationList section */
		8D3A60B31D5D70C0007EDEB4 /* Build configuration list for PBXProject "DZPlaceholderDemo" */ = {
			isa = XCConfigurationList;
			buildConfigurations = (
				8D3A60CD1D5D70C0007EDEB4 /* Debug */,
				8D3A60CE1D5D70C0007EDEB4 /* Release */,
			);
			defaultConfigurationIsVisible = 0;
			defaultConfigurationName = Release;
		};
		8D3A60CF1D5D70C0007EDEB4 /* Build configuration list for PBXNativeTarget "DZPlaceholderDemo" */ = {
			isa = XCConfigurationList;
			buildConfigurations = (
				8D3A60D01D5D70C0007EDEB4 /* Debug */,
				8D3A60D11D5D70C0007EDEB4 /* Release */,
			);
			defaultConfigurationIsVisible = 0;
			defaultConfigurationName = Release;
		};
/* End XCConfigurationList section */
	};
	rootObject = 8D3A60B01D5D70C0007EDEB4 /* Project object */;
}
